// !$*UTF8*$!
{
	archiveVersion = 1;
	classes = {
	};
	objectVersion = 55;
	objects = {

/* Begin PBXBuildFile section */
		38607FA1277579E800452EFF /* database.json in Resources */ = {isa = PBXBuildFile; fileRef = 38CCFAB927752171007BD37B /* database.json */; };
		38607FA2277579E900452EFF /* database.json in Resources */ = {isa = PBXBuildFile; fileRef = 38CCFAB927752171007BD37B /* database.json */; };
		38607FA427757FB500452EFF /* LICENSE.md in Resources */ = {isa = PBXBuildFile; fileRef = 38607FA327757FB500452EFF /* LICENSE.md */; };
		38607FA527757FB500452EFF /* LICENSE.md in Resources */ = {isa = PBXBuildFile; fileRef = 38607FA327757FB500452EFF /* LICENSE.md */; };
		38CCFAA2277518D4007BD37B /* VerySimpleCodableApp.swift in Sources */ = {isa = PBXBuildFile; fileRef = 38CCFA92277518D3007BD37B /* VerySimpleCodableApp.swift */; };
		38CCFAA3277518D4007BD37B /* VerySimpleCodableApp.swift in Sources */ = {isa = PBXBuildFile; fileRef = 38CCFA92277518D3007BD37B /* VerySimpleCodableApp.swift */; };
		38CCFAA4277518D4007BD37B /* ContentView.swift in Sources */ = {isa = PBXBuildFile; fileRef = 38CCFA93277518D3007BD37B /* ContentView.swift */; };
		38CCFAA5277518D4007BD37B /* ContentView.swift in Sources */ = {isa = PBXBuildFile; fileRef = 38CCFA93277518D3007BD37B /* ContentView.swift */; };
		38CCFAA6277518D4007BD37B /* Assets.xcassets in Resources */ = {isa = PBXBuildFile; fileRef = 38CCFA94277518D4007BD37B /* Assets.xcassets */; };
		38CCFAA7277518D4007BD37B /* Assets.xcassets in Resources */ = {isa = PBXBuildFile; fileRef = 38CCFA94277518D4007BD37B /* Assets.xcassets */; };
		38CCFAB127751B55007BD37B /* Thing.swift in Sources */ = {isa = PBXBuildFile; fileRef = 38CCFAB027751B55007BD37B /* Thing.swift */; };
		38CCFAB227751B55007BD37B /* Thing.swift in Sources */ = {isa = PBXBuildFile; fileRef = 38CCFAB027751B55007BD37B /* Thing.swift */; };
		38CCFAB427751C01007BD37B /* Store.swift in Sources */ = {isa = PBXBuildFile; fileRef = 38CCFAB327751C01007BD37B /* Store.swift */; };
		38CCFAB527751C01007BD37B /* Store.swift in Sources */ = {isa = PBXBuildFile; fileRef = 38CCFAB327751C01007BD37B /* Store.swift */; };
/* End PBXBuildFile section */

/* Begin PBXFileReference section */
		38607FA327757FB500452EFF /* LICENSE.md */ = {isa = PBXFileReference; lastKnownFileType = net.daringfireball.markdown; path = LICENSE.md; sourceTree = "<group>"; };
		38CCFA92277518D3007BD37B /* VerySimpleCodableApp.swift */ = {isa = PBXFileReference; lastKnownFileType = sourcecode.swift; path = VerySimpleCodableApp.swift; sourceTree = "<group>"; };
		38CCFA93277518D3007BD37B /* ContentView.swift */ = {isa = PBXFileReference; lastKnownFileType = sourcecode.swift; path = ContentView.swift; sourceTree = "<group>"; };
		38CCFA94277518D4007BD37B /* Assets.xcassets */ = {isa = PBXFileReference; lastKnownFileType = folder.assetcatalog; path = Assets.xcassets; sourceTree = "<group>"; };
		38CCFA99277518D4007BD37B /* VerySimpleCodable.app */ = {isa = PBXFileReference; explicitFileType = wrapper.application; includeInIndex = 0; path = VerySimpleCodable.app; sourceTree = BUILT_PRODUCTS_DIR; };
		38CCFA9F277518D4007BD37B /* VerySimpleCodable.app */ = {isa = PBXFileReference; explicitFileType = wrapper.application; includeInIndex = 0; path = VerySimpleCodable.app; sourceTree = BUILT_PRODUCTS_DIR; };
		38CCFAA1277518D4007BD37B /* macOS.entitlements */ = {isa = PBXFileReference; lastKnownFileType = text.plist.entitlements; path = macOS.entitlements; sourceTree = "<group>"; };
		38CCFAB027751B55007BD37B /* Thing.swift */ = {isa = PBXFileReference; lastKnownFileType = sourcecode.swift; path = Thing.swift; sourceTree = "<group>"; };
		38CCFAB327751C01007BD37B /* Store.swift */ = {isa = PBXFileReference; lastKnownFileType = sourcecode.swift; path = Store.swift; sourceTree = "<group>"; };
		38CCFAB927752171007BD37B /* database.json */ = {isa = PBXFileReference; lastKnownFileType = text.json; path = database.json; sourceTree = "<group>"; };
		38CCFABA277554F8007BD37B /* README.md */ = {isa = PBXFileReference; lastKnownFileType = net.daringfireball.markdown; path = README.md; sourceTree = "<group>"; };
/* End PBXFileReference section */

/* Begin PBXFrameworksBuildPhase section */
		38CCFA96277518D4007BD37B /* Frameworks */ = {
			isa = PBXFrameworksBuildPhase;
			buildActionMask = 2147483647;
			files = (
			);
			runOnlyForDeploymentPostprocessing = 0;
		};
		38CCFA9C277518D4007BD37B /* Frameworks */ = {
			isa = PBXFrameworksBuildPhase;
			buildActionMask = 2147483647;
			files = (
			);
			runOnlyForDeploymentPostprocessing = 0;
		};
/* End PBXFrameworksBuildPhase section */

/* Begin PBXGroup section */
		38CCFA8C277518D2007BD37B = {
			isa = PBXGroup;
			children = (
				38CCFABA277554F8007BD37B /* README.md */,
				38CCFA91277518D3007BD37B /* Shared */,
				38CCFAA0277518D4007BD37B /* macOS */,
				38CCFA9A277518D4007BD37B /* Products */,
			);
			sourceTree = "<group>";
		};
		38CCFA91277518D3007BD37B /* Shared */ = {
			isa = PBXGroup;
			children = (
				38CCFA92277518D3007BD37B /* VerySimpleCodableApp.swift */,
				38CCFA93277518D3007BD37B /* ContentView.swift */,
				38CCFAB027751B55007BD37B /* Thing.swift */,
				38CCFAB327751C01007BD37B /* Store.swift */,
				38CCFABB277567AD007BD37B /* Previews */,
				38CCFAB927752171007BD37B /* database.json */,
				38CCFA94277518D4007BD37B /* Assets.xcassets */,
				38607FA327757FB500452EFF /* LICENSE.md */,
			);
			path = Shared;
			sourceTree = "<group>";
		};
		38CCFA9A277518D4007BD37B /* Products */ = {
			isa = PBXGroup;
			children = (
				38CCFA99277518D4007BD37B /* VerySimpleCodable.app */,
				38CCFA9F277518D4007BD37B /* VerySimpleCodable.app */,
			);
			name = Products;
			sourceTree = "<group>";
		};
		38CCFAA0277518D4007BD37B /* macOS */ = {
			isa = PBXGroup;
			children = (
				38CCFAA1277518D4007BD37B /* macOS.entitlements */,
			);
			path = macOS;
			sourceTree = "<group>";
		};
		38CCFABB277567AD007BD37B /* Previews */ = {
			isa = PBXGroup;
			children = (
			);
			path = Previews;
			sourceTree = "<group>";
		};
/* End PBXGroup section */

/* Begin PBXNativeTarget section */
		38CCFA98277518D4007BD37B /* VerySimpleCodable (iOS) */ = {
			isa = PBXNativeTarget;
			buildConfigurationList = 38CCFAAA277518D4007BD37B /* Build configuration list for PBXNativeTarget "VerySimpleCodable (iOS)" */;
			buildPhases = (
				38CCFA95277518D4007BD37B /* Sources */,
				38CCFA96277518D4007BD37B /* Frameworks */,
				38CCFA97277518D4007BD37B /* Resources */,
			);
			buildRules = (
			);
			dependencies = (
			);
			name = "VerySimpleCodable (iOS)";
			productName = "VerySimpleCodable (iOS)";
			productReference = 38CCFA99277518D4007BD37B /* VerySimpleCodable.app */;
			productType = "com.apple.product-type.application";
		};
		38CCFA9E277518D4007BD37B /* VerySimpleCodable (macOS) */ = {
			isa = PBXNativeTarget;
			buildConfigurationList = 38CCFAAD277518D4007BD37B /* Build configuration list for PBXNativeTarget "VerySimpleCodable (macOS)" */;
			buildPhases = (
				38CCFA9B277518D4007BD37B /* Sources */,
				38CCFA9C277518D4007BD37B /* Frameworks */,
				38CCFA9D277518D4007BD37B /* Resources */,
			);
			buildRules = (
			);
			dependencies = (
			);
			name = "VerySimpleCodable (macOS)";
			productName = "VerySimpleCodable (macOS)";
			productReference = 38CCFA9F277518D4007BD37B /* VerySimpleCodable.app */;
			productType = "com.apple.product-type.application";
		};
/* End PBXNativeTarget section */

/* Begin PBXProject section */
		38CCFA8D277518D2007BD37B /* Project object */ = {
			isa = PBXProject;
			attributes = {
				BuildIndependentTargetsInParallel = 1;
				LastSwiftUpdateCheck = 1320;
				LastUpgradeCheck = 1320;
				TargetAttributes = {
					38CCFA98277518D4007BD37B = {
						CreatedOnToolsVersion = 13.2.1;
					};
					38CCFA9E277518D4007BD37B = {
						CreatedOnToolsVersion = 13.2.1;
					};
				};
			};
			buildConfigurationList = 38CCFA90277518D2007BD37B /* Build configuration list for PBXProject "VerySimpleCodable" */;
			compatibilityVersion = "Xcode 13.0";
			developmentRegion = en;
			hasScannedForEncodings = 0;
			knownRegions = (
				en,
				Base,
			);
			mainGroup = 38CCFA8C277518D2007BD37B;
			productRefGroup = 38CCFA9A277518D4007BD37B /* Products */;
			projectDirPath = "";
			projectRoot = "";
			targets = (
				38CCFA98277518D4007BD37B /* VerySimpleCodable (iOS) */,
				38CCFA9E277518D4007BD37B /* VerySimpleCodable (macOS) */,
			);
		};
/* End PBXProject section */

/* Begin PBXResourcesBuildPhase section */
		38CCFA97277518D4007BD37B /* Resources */ = {
			isa = PBXResourcesBuildPhase;
			buildActionMask = 2147483647;
			files = (
				38607FA1277579E800452EFF /* database.json in Resources */,
				38607FA427757FB500452EFF /* LICENSE.md in Resources */,
				38CCFAA6277518D4007BD37B /* Assets.xcassets in Resources */,
			);
			runOnlyForDeploymentPostprocessing = 0;
		};
		38CCFA9D277518D4007BD37B /* Resources */ = {
			isa = PBXResourcesBuildPhase;
			buildActionMask = 2147483647;
			files = (
				38607FA2277579E900452EFF /* database.json in Resources */,
				38607FA527757FB500452EFF /* LICENSE.md in Resources */,
				38CCFAA7277518D4007BD37B /* Assets.xcassets in Resources */,
			);
			runOnlyForDeploymentPostprocessing = 0;
		};
/* End PBXResourcesBuildPhase section */

/* Begin PBXSourcesBuildPhase section */
		38CCFA95277518D4007BD37B /* Sources */ = {
			isa = PBXSourcesBuildPhase;
			buildActionMask = 2147483647;
			files = (
				38CCFAB127751B55007BD37B /* Thing.swift in Sources */,
				38CCFAA4277518D4007BD37B /* ContentView.swift in Sources */,
				38CCFAB427751C01007BD37B /* Store.swift in Sources */,
				38CCFAA2277518D4007BD37B /* VerySimpleCodableApp.swift in Sources */,
			);
			runOnlyForDeploymentPostprocessing = 0;
		};
		38CCFA9B277518D4007BD37B /* Sources */ = {
			isa = PBXSourcesBuildPhase;
			buildActionMask = 2147483647;
			files = (
				38CCFAB227751B55007BD37B /* Thing.swift in Sources */,
				38CCFAA5277518D4007BD37B /* ContentView.swift in Sources */,
				38CCFAB527751C01007BD37B /* Store.swift in Sources */,
				38CCFAA3277518D4007BD37B /* VerySimpleCodableApp.swift in Sources */,
			);
			runOnlyForDeploymentPostprocessing = 0;
		};
/* End PBXSourcesBuildPhase section */

/* Begin XCBuildConfiguration section */
		38CCFAA8277518D4007BD37B /* Debug */ = {
			isa = XCBuildConfiguration;
			buildSettings = {
				ALWAYS_SEARCH_USER_PATHS = NO;
				CLANG_ANALYZER_NONNULL = YES;
				CLANG_ANALYZER_NUMBER_OBJECT_CONVERSION = YES_AGGRESSIVE;
				CLANG_CXX_LANGUAGE_STANDARD = "gnu++17";
				CLANG_CXX_LIBRARY = "libc++";
				CLANG_ENABLE_MODULES = YES;
				CLANG_ENABLE_OBJC_ARC = YES;
				CLANG_ENABLE_OBJC_WEAK = YES;
				CLANG_WARN_BLOCK_CAPTURE_AUTORELEASING = YES;
				CLANG_WARN_BOOL_CONVERSION = YES;
				CLANG_WARN_COMMA = YES;
				CLANG_WARN_CONSTANT_CONVERSION = YES;
				CLANG_WARN_DEPRECATED_OBJC_IMPLEMENTATIONS = YES;
				CLANG_WARN_DIRECT_OBJC_ISA_USAGE = YES_ERROR;
				CLANG_WARN_DOCUMENTATION_COMMENTS = YES;
				CLANG_WARN_EMPTY_BODY = YES;
				CLANG_WARN_ENUM_CONVERSION = YES;
				CLANG_WARN_INFINITE_RECURSION = YES;
				CLANG_WARN_INT_CONVERSION = YES;
				CLANG_WARN_NON_LITERAL_NULL_CONVERSION = YES;
				CLANG_WARN_OBJC_IMPLICIT_RETAIN_SELF = YES;
				CLANG_WARN_OBJC_LITERAL_CONVERSION = YES;
				CLANG_WARN_OBJC_ROOT_CLASS = YES_ERROR;
				CLANG_WARN_QUOTED_INCLUDE_IN_FRAMEWORK_HEADER = YES;
				CLANG_WARN_RANGE_LOOP_ANALYSIS = YES;
				CLANG_WARN_STRICT_PROTOTYPES = YES;
				CLANG_WARN_SUSPICIOUS_MOVE = YES;
				CLANG_WARN_UNGUARDED_AVAILABILITY = YES_AGGRESSIVE;
				CLANG_WARN_UNREACHABLE_CODE = YES;
				CLANG_WARN__DUPLICATE_METHOD_MATCH = YES;
				COPY_PHASE_STRIP = NO;
				DEBUG_INFORMATION_FORMAT = dwarf;
				ENABLE_STRICT_OBJC_MSGSEND = YES;
				ENABLE_TESTABILITY = YES;
				GCC_C_LANGUAGE_STANDARD = gnu11;
				GCC_DYNAMIC_NO_PIC = NO;
				GCC_NO_COMMON_BLOCKS = YES;
				GCC_OPTIMIZATION_LEVEL = 0;
				GCC_PREPROCESSOR_DEFINITIONS = (
					"DEBUG=1",
					"$(inherited)",
				);
				GCC_WARN_64_TO_32_BIT_CONVERSION = YES;
				GCC_WARN_ABOUT_RETURN_TYPE = YES_ERROR;
				GCC_WARN_UNDECLARED_SELECTOR = YES;
				GCC_WARN_UNINITIALIZED_AUTOS = YES_AGGRESSIVE;
				GCC_WARN_UNUSED_FUNCTION = YES;
				GCC_WARN_UNUSED_VARIABLE = YES;
				MTL_ENABLE_DEBUG_INFO = INCLUDE_SOURCE;
				MTL_FAST_MATH = YES;
				ONLY_ACTIVE_ARCH = YES;
				SWIFT_ACTIVE_COMPILATION_CONDITIONS = DEBUG;
				SWIFT_OPTIMIZATION_LEVEL = "-Onone";
			};
			name = Debug;
		};
		38CCFAA9277518D4007BD37B /* Release */ = {
			isa = XCBuildConfiguration;
			buildSettings = {
				ALWAYS_SEARCH_USER_PATHS = NO;
				CLANG_ANALYZER_NONNULL = YES;
				CLANG_ANALYZER_NUMBER_OBJECT_CONVERSION = YES_AGGRESSIVE;
				CLANG_CXX_LANGUAGE_STANDARD = "gnu++17";
				CLANG_CXX_LIBRARY = "libc++";
				CLANG_ENABLE_MODULES = YES;
				CLANG_ENABLE_OBJC_ARC = YES;
				CLANG_ENABLE_OBJC_WEAK = YES;
				CLANG_WARN_BLOCK_CAPTURE_AUTORELEASING = YES;
				CLANG_WARN_BOOL_CONVERSION = YES;
				CLANG_WARN_COMMA = YES;
				CLANG_WARN_CONSTANT_CONVERSION = YES;
				CLANG_WARN_DEPRECATED_OBJC_IMPLEMENTATIONS = YES;
				CLANG_WARN_DIRECT_OBJC_ISA_USAGE = YES_ERROR;
				CLANG_WARN_DOCUMENTATION_COMMENTS = YES;
				CLANG_WARN_EMPTY_BODY = YES;
				CLANG_WARN_ENUM_CONVERSION = YES;
				CLANG_WARN_INFINITE_RECURSION = YES;
				CLANG_WARN_INT_CONVERSION = YES;
				CLANG_WARN_NON_LITERAL_NULL_CONVERSION = YES;
				CLANG_WARN_OBJC_IMPLICIT_RETAIN_SELF = YES;
				CLANG_WARN_OBJC_LITERAL_CONVERSION = YES;
				CLANG_WARN_OBJC_ROOT_CLASS = YES_ERROR;
				CLANG_WARN_QUOTED_INCLUDE_IN_FRAMEWORK_HEADER = YES;
				CLANG_WARN_RANGE_LOOP_ANALYSIS = YES;
				CLANG_WARN_STRICT_PROTOTYPES = YES;
				CLANG_WARN_SUSPICIOUS_MOVE = YES;
				CLANG_WARN_UNGUARDED_AVAILABILITY = YES_AGGRESSIVE;
				CLANG_WARN_UNREACHABLE_CODE = YES;
				CLANG_WARN__DUPLICATE_METHOD_MATCH = YES;
				COPY_PHASE_STRIP = NO;
				DEBUG_INFORMATION_FORMAT = "dwarf-with-dsym";
				ENABLE_NS_ASSERTIONS = NO;
				ENABLE_STRICT_OBJC_MSGSEND = YES;
				GCC_C_LANGUAGE_STANDARD = gnu11;
				GCC_NO_COMMON_BLOCKS = YES;
				GCC_WARN_64_TO_32_BIT_CONVERSION = YES;
				GCC_WARN_ABOUT_RETURN_TYPE = YES_ERROR;
				GCC_WARN_UNDECLARED_SELECTOR = YES;
				GCC_WARN_UNINITIALIZED_AUTOS = YES_AGGRESSIVE;
				GCC_WARN_UNUSED_FUNCTION = YES;
				GCC_WARN_UNUSED_VARIABLE = YES;
				MTL_ENABLE_DEBUG_INFO = NO;
				MTL_FAST_MATH = YES;
				SWIFT_COMPILATION_MODE = wholemodule;
				SWIFT_OPTIMIZATION_LEVEL = "-O";
			};
			name = Release;
		};
		38CCFAAB277518D4007BD37B /* Debug */ = {
			isa = XCBuildConfiguration;
			buildSettings = {
				ASSETCATALOG_COMPILER_APPICON_NAME = AppIcon;
				ASSETCATALOG_COMPILER_GLOBAL_ACCENT_COLOR_NAME = AccentColor;
				CODE_SIGN_STYLE = Automatic;
				CURRENT_PROJECT_VERSION = 1;
				DEVELOPMENT_TEAM = V3N8JZ2T92;
				ENABLE_PREVIEWS = YES;
				GENERATE_INFOPLIST_FILE = YES;
				INFOPLIST_KEY_UIApplicationSceneManifest_Generation = YES;
				INFOPLIST_KEY_UIApplicationSupportsIndirectInputEvents = YES;
				INFOPLIST_KEY_UILaunchScreen_Generation = YES;
				INFOPLIST_KEY_UISupportedInterfaceOrientations_iPad = "UIInterfaceOrientationPortrait UIInterfaceOrientationPortraitUpsideDown UIInterfaceOrientationLandscapeLeft UIInterfaceOrientationLandscapeRight";
				INFOPLIST_KEY_UISupportedInterfaceOrientations_iPhone = "UIInterfaceOrientationPortrait UIInterfaceOrientationLandscapeLeft UIInterfaceOrientationLandscapeRight";
				IPHONEOS_DEPLOYMENT_TARGET = 15.2;
				LD_RUNPATH_SEARCH_PATHS = (
					"$(inherited)",
					"@executable_path/Frameworks",
				);
				MARKETING_VERSION = 1.0;
				PRODUCT_BUNDLE_IDENTIFIER = net.deirdre.VerySimpleCodable;
				PRODUCT_NAME = VerySimpleCodable;
				SDKROOT = iphoneos;
				SWIFT_EMIT_LOC_STRINGS = YES;
				SWIFT_VERSION = 5.0;
				TARGETED_DEVICE_FAMILY = "1,2";
			};
			name = Debug;
		};
		38CCFAAC277518D4007BD37B /* Release */ = {
			isa = XCBuildConfiguration;
			buildSettings = {
				ASSETCATALOG_COMPILER_APPICON_NAME = AppIcon;
				ASSETCATALOG_COMPILER_GLOBAL_ACCENT_COLOR_NAME = AccentColor;
				CODE_SIGN_STYLE = Automatic;
				CURRENT_PROJECT_VERSION = 1;
				DEVELOPMENT_TEAM = V3N8JZ2T92;
				ENABLE_PREVIEWS = YES;
				GENERATE_INFOPLIST_FILE = YES;
				INFOPLIST_KEY_UIApplicationSceneManifest_Generation = YES;
				INFOPLIST_KEY_UIApplicationSupportsIndirectInputEvents = YES;
				INFOPLIST_KEY_UILaunchScreen_Generation = YES;
				INFOPLIST_KEY_UISupportedInterfaceOrientations_iPad = "UIInterfaceOrientationPortrait UIInterfaceOrientationPortraitUpsideDown UIInterfaceOrientationLandscapeLeft UIInterfaceOrientationLandscapeRight";
				INFOPLIST_KEY_UISupportedInterfaceOrientations_iPhone = "UIInterfaceOrientationPortrait UIInterfaceOrientationLandscapeLeft UIInterfaceOrientationLandscapeRight";
				IPHONEOS_DEPLOYMENT_TARGET = 15.2;
				LD_RUNPATH_SEARCH_PATHS = (
					"$(inherited)",
					"@executable_path/Frameworks",
				);
				MARKETING_VERSION = 1.0;
				PRODUCT_BUNDLE_IDENTIFIER = net.deirdre.VerySimpleCodable;
				PRODUCT_NAME = VerySimpleCodable;
				SDKROOT = iphoneos;
				SWIFT_EMIT_LOC_STRINGS = YES;
				SWIFT_VERSION = 5.0;
				TARGETED_DEVICE_FAMILY = "1,2";
				VALIDATE_PRODUCT = YES;
			};
			name = Release;
		};
		38CCFAAE277518D4007BD37B /* Debug */ = {
			isa = XCBuildConfiguration;
			buildSettings = {
				ASSETCATALOG_COMPILER_APPICON_NAME = AppIcon;
				ASSETCATALOG_COMPILER_GLOBAL_ACCENT_COLOR_NAME = AccentColor;
				CODE_SIGN_ENTITLEMENTS = macOS/macOS.entitlements;
				CODE_SIGN_STYLE = Automatic;
				COMBINE_HIDPI_IMAGES = YES;
				CURRENT_PROJECT_VERSION = 1;
				DEVELOPMENT_TEAM = V3N8JZ2T92;
				ENABLE_HARDENED_RUNTIME = YES;
				ENABLE_PREVIEWS = YES;
				GENERATE_INFOPLIST_FILE = YES;
				INFOPLIST_KEY_LSApplicationCategoryType = "public.app-category.lifestyle";
				INFOPLIST_KEY_NSHumanReadableCopyright = "";
				LD_RUNPATH_SEARCH_PATHS = (
					"$(inherited)",
					"@executable_path/../Frameworks",
				);
				MACOSX_DEPLOYMENT_TARGET = 12.0;
				MARKETING_VERSION = 1.0;
				PRODUCT_BUNDLE_IDENTIFIER = net.deirdre.VerySimpleCodable;
				PRODUCT_NAME = VerySimpleCodable;
				SDKROOT = macosx;
				SWIFT_EMIT_LOC_STRINGS = YES;
				SWIFT_VERSION = 5.0;
			};
			name = Debug;
		};
		38CCFAAF277518D4007BD37B /* Release */ = {
			isa = XCBuildConfiguration;
			buildSettings = {
				ASSETCATALOG_COMPILER_APPICON_NAME = AppIcon;
				ASSETCATALOG_COMPILER_GLOBAL_ACCENT_COLOR_NAME = AccentColor;
				CODE_SIGN_ENTITLEMENTS = macOS/macOS.entitlements;
				CODE_SIGN_STYLE = Automatic;
				COMBINE_HIDPI_IMAGES = YES;
				CURRENT_PROJECT_VERSION = 1;
				DEVELOPMENT_TEAM = V3N8JZ2T92;
				ENABLE_HARDENED_RUNTIME = YES;
				ENABLE_PREVIEWS = YES;
				GENERATE_INFOPLIST_FILE = YES;
				INFOPLIST_KEY_LSApplicationCategoryType = "public.app-category.lifestyle";
				INFOPLIST_KEY_NSHumanReadableCopyright = "";
				LD_RUNPATH_SEARCH_PATHS = (
					"$(inherited)",
					"@executable_path/../Frameworks",
				);
				MACOSX_DEPLOYMENT_TARGET = 12.0;
				MARKETING_VERSION = 1.0;
				PRODUCT_BUNDLE_IDENTIFIER = net.deirdre.VerySimpleCodable;
				PRODUCT_NAME = VerySimpleCodable;
				SDKROOT = macosx;
				SWIFT_EMIT_LOC_STRINGS = YES;
				SWIFT_VERSION = 5.0;
			};
			name = Release;
		};
/* End XCBuildConfiguration section */

/* Begin XCConfigurationList section */
		38CCFA90277518D2007BD37B /* Build configuration list for PBXProject "VerySimpleCodable" */ = {
			isa = XCConfigurationList;
			buildConfigurations = (
				38CCFAA8277518D4007BD37B /* Debug */,
				38CCFAA9277518D4007BD37B /* Release */,
			);
			defaultConfigurationIsVisible = 0;
			defaultConfigurationName = Release;
		};
		38CCFAAA277518D4007BD37B /* Build configuration list for PBXNativeTarget "VerySimpleCodable (iOS)" */ = {
			isa = XCConfigurationList;
			buildConfigurations = (
				38CCFAAB277518D4007BD37B /* Debug */,
				38CCFAAC277518D4007BD37B /* Release */,
			);
			defaultConfigurationIsVisible = 0;
			defaultConfigurationName = Release;
		};
		38CCFAAD277518D4007BD37B /* Build configuration list for PBXNativeTarget "VerySimpleCodable (macOS)" */ = {
			isa = XCConfigurationList;
			buildConfigurations = (
				38CCFAAE277518D4007BD37B /* Debug */,
				38CCFAAF277518D4007BD37B /* Release */,
			);
			defaultConfigurationIsVisible = 0;
			defaultConfigurationName = Release;
		};
/* End XCConfigurationList section */
	};
	rootObject = 38CCFA8D277518D2007BD37B /* Project object */;
}
